// !$*UTF8*$!
{
	archiveVersion = 1;
	classes = {
	};
	objectVersion = 52;
	objects = {

/* Begin PBXBuildFile section */
		B4F8E07926BEB8BF00A62EAB /* AppDelegate.swift in Sources */ = {isa = PBXBuildFile; fileRef = B4F8E07826BEB8BF00A62EAB /* AppDelegate.swift */; };
		B4F8E07B26BEB8BF00A62EAB /* SceneDelegate.swift in Sources */ = {isa = PBXBuildFile; fileRef = B4F8E07A26BEB8BF00A62EAB /* SceneDelegate.swift */; };
		B4F8E07D26BEB8BF00A62EAB /* ViewController.swift in Sources */ = {isa = PBXBuildFile; fileRef = B4F8E07C26BEB8BF00A62EAB /* ViewController.swift */; };
		B4F8E08026BEB8BF00A62EAB /* Main.storyboard in Resources */ = {isa = PBXBuildFile; fileRef = B4F8E07E26BEB8BF00A62EAB /* Main.storyboard */; };
		B4F8E08226BEB8C000A62EAB /* Assets.xcassets in Resources */ = {isa = PBXBuildFile; fileRef = B4F8E08126BEB8C000A62EAB /* Assets.xcassets */; };
		B4F8E08526BEB8C000A62EAB /* LaunchScreen.storyboard in Resources */ = {isa = PBXBuildFile; fileRef = B4F8E08326BEB8C000A62EAB /* LaunchScreen.storyboard */; };
		B4F8E08E26BEB96400A62EAB /* Alamofire in Frameworks */ = {isa = PBXBuildFile; productRef = B4F8E08D26BEB96400A62EAB /* Alamofire */; };
/* End PBXBuildFile section */

/* Begin PBXFileReference section */
		B4F8E07526BEB8BF00A62EAB /* AlamFExemple.app */ = {isa = PBXFileReference; explicitFileType = wrapper.application; includeInIndex = 0; path = AlamFExemple.app; sourceTree = BUILT_PRODUCTS_DIR; };
		B4F8E07826BEB8BF00A62EAB /* AppDelegate.swift */ = {isa = PBXFileReference; lastKnownFileType = sourcecode.swift; path = AppDelegate.swift; sourceTree = "<group>"; };
		B4F8E07A26BEB8BF00A62EAB /* SceneDelegate.swift */ = {isa = PBXFileReference; lastKnownFileType = sourcecode.swift; path = SceneDelegate.swift; sourceTree = "<group>"; };
		B4F8E07C26BEB8BF00A62EAB /* ViewController.swift */ = {isa = PBXFileReference; lastKnownFileType = sourcecode.swift; path = ViewController.swift; sourceTree = "<group>"; };
		B4F8E07F26BEB8BF00A62EAB /* Base */ = {isa = PBXFileReference; lastKnownFileType = file.storyboard; name = Base; path = Base.lproj/Main.storyboard; sourceTree = "<group>"; };
		B4F8E08126BEB8C000A62EAB /* Assets.xcassets */ = {isa = PBXFileReference; lastKnownFileType = folder.assetcatalog; path = Assets.xcassets; sourceTree = "<group>"; };
		B4F8E08426BEB8C000A62EAB /* Base */ = {isa = PBXFileReference; lastKnownFileType = file.storyboard; name = Base; path = Base.lproj/LaunchScreen.storyboard; sourceTree = "<group>"; };
		B4F8E08626BEB8C000A62EAB /* Info.plist */ = {isa = PBXFileReference; lastKnownFileType = text.plist.xml; path = Info.plist; sourceTree = "<group>"; };
/* End PBXFileReference section */

/* Begin PBXFrameworksBuildPhase section */
		B4F8E07226BEB8BF00A62EAB /* Frameworks */ = {
			isa = PBXFrameworksBuildPhase;
			buildActionMask = 2147483647;
			files = (
				B4F8E08E26BEB96400A62EAB /* Alamofire in Frameworks */,
			);
			runOnlyForDeploymentPostprocessing = 0;
		};
/* End PBXFrameworksBuildPhase section */

/* Begin PBXGroup section */
		B4F8E06C26BEB8BF00A62EAB = {
			isa = PBXGroup;
			children = (
				B4F8E07726BEB8BF00A62EAB /* AlamFExemple */,
				B4F8E07626BEB8BF00A62EAB /* Products */,
			);
			sourceTree = "<group>";
		};
		B4F8E07626BEB8BF00A62EAB /* Products */ = {
			isa = PBXGroup;
			children = (
				B4F8E07526BEB8BF00A62EAB /* AlamFExemple.app */,
			);
			name = Products;
			sourceTree = "<group>";
		};
		B4F8E07726BEB8BF00A62EAB /* AlamFExemple */ = {
			isa = PBXGroup;
			children = (
				B4F8E07826BEB8BF00A62EAB /* AppDelegate.swift */,
				B4F8E07A26BEB8BF00A62EAB /* SceneDelegate.swift */,
				B4F8E07C26BEB8BF00A62EAB /* ViewController.swift */,
				B4F8E07E26BEB8BF00A62EAB /* Main.storyboard */,
				B4F8E08126BEB8C000A62EAB /* Assets.xcassets */,
				B4F8E08326BEB8C000A62EAB /* LaunchScreen.storyboard */,
				B4F8E08626BEB8C000A62EAB /* Info.plist */,
			);
			path = AlamFExemple;
			sourceTree = "<group>";
		};
/* End PBXGroup section */

/* Begin PBXNativeTarget section */
		B4F8E07426BEB8BF00A62EAB /* AlamFExemple */ = {
			isa = PBXNativeTarget;
			buildConfigurationList = B4F8E08926BEB8C000A62EAB /* Build configuration list for PBXNativeTarget "AlamFExemple" */;
			buildPhases = (
				B4F8E07126BEB8BF00A62EAB /* Sources */,
				B4F8E07226BEB8BF00A62EAB /* Frameworks */,
				B4F8E07326BEB8BF00A62EAB /* Resources */,
			);
			buildRules = (
			);
			dependencies = (
			);
			name = AlamFExemple;
			packageProductDependencies = (
				B4F8E08D26BEB96400A62EAB /* Alamofire */,
			);
			productName = AlamFExemple;
			productReference = B4F8E07526BEB8BF00A62EAB /* AlamFExemple.app */;
			productType = "com.apple.product-type.application";
		};
/* End PBXNativeTarget section */

/* Begin PBXProject section */
		B4F8E06D26BEB8BF00A62EAB /* Project object */ = {
			isa = PBXProject;
			attributes = {
				LastSwiftUpdateCheck = 1250;
				LastUpgradeCheck = 1250;
				TargetAttributes = {
					B4F8E07426BEB8BF00A62EAB = {
						CreatedOnToolsVersion = 12.5.1;
					};
				};
			};
			buildConfigurationList = B4F8E07026BEB8BF00A62EAB /* Build configuration list for PBXProject "AlamFExemple" */;
			compatibilityVersion = "Xcode 9.3";
			developmentRegion = en;
			hasScannedForEncodings = 0;
			knownRegions = (
				en,
				Base,
			);
			mainGroup = B4F8E06C26BEB8BF00A62EAB;
			packageReferences = (
				B4F8E08C26BEB96400A62EAB /* XCRemoteSwiftPackageReference "Alamofire" */,
			);
			productRefGroup = B4F8E07626BEB8BF00A62EAB /* Products */;
			projectDirPath = "";
			projectRoot = "";
			targets = (
				B4F8E07426BEB8BF00A62EAB /* AlamFExemple */,
			);
		};
/* End PBXProject section */

/* Begin PBXResourcesBuildPhase section */
		B4F8E07326BEB8BF00A62EAB /* Resources */ = {
			isa = PBXResourcesBuildPhase;
			buildActionMask = 2147483647;
			files = (
				B4F8E08526BEB8C000A62EAB /* LaunchScreen.storyboard in Resources */,
				B4F8E08226BEB8C000A62EAB /* Assets.xcassets in Resources */,
				B4F8E08026BEB8BF00A62EAB /* Main.storyboard in Resources */,
			);
			runOnlyForDeploymentPostprocessing = 0;
		};
/* End PBXResourcesBuildPhase section */

/* Begin PBXSourcesBuildPhase section */
		B4F8E07126BEB8BF00A62EAB /* Sources */ = {
			isa = PBXSourcesBuildPhase;
			buildActionMask = 2147483647;
			files = (
				B4F8E07D26BEB8BF00A62EAB /* ViewController.swift in Sources */,
				B4F8E07926BEB8BF00A62EAB /* AppDelegate.swift in Sources */,
				B4F8E07B26BEB8BF00A62EAB /* SceneDelegate.swift in Sources */,
			);
			runOnlyForDeploymentPostprocessing = 0;
		};
/* End PBXSourcesBuildPhase section */

/* Begin PBXVariantGroup section */
		B4F8E07E26BEB8BF00A62EAB /* Main.storyboard */ = {
			isa = PBXVariantGroup;
			children = (
				B4F8E07F26BEB8BF00A62EAB /* Base */,
			);
			name = Main.storyboard;
			sourceTree = "<group>";
		};
		B4F8E08326BEB8C000A62EAB /* LaunchScreen.storyboard */ = {
			isa = PBXVariantGroup;
			children = (
				B4F8E08426BEB8C000A62EAB /* Base */,
			);
			name = LaunchScreen.storyboard;
			sourceTree = "<group>";
		};
/* End PBXVariantGroup section */

/* Begin XCBuildConfiguration section */
		B4F8E08726BEB8C000A62EAB /* Debug */ = {
			isa = XCBuildConfiguration;
			buildSettings = {
				ALWAYS_SEARCH_USER_PATHS = NO;
				CLANG_ANALYZER_NONNULL = YES;
				CLANG_ANALYZER_NUMBER_OBJECT_CONVERSION = YES_AGGRESSIVE;
				CLANG_CXX_LANGUAGE_STANDARD = "gnu++14";
				CLANG_CXX_LIBRARY = "libc++";
				CLANG_ENABLE_MODULES = YES;
				CLANG_ENABLE_OBJC_ARC = YES;
				CLANG_ENABLE_OBJC_WEAK = YES;
				CLANG_WARN_BLOCK_CAPTURE_AUTORELEASING = YES;
				CLANG_WARN_BOOL_CONVERSION = YES;
				CLANG_WARN_COMMA = YES;
				CLANG_WARN_CONSTANT_CONVERSION = YES;
				CLANG_WARN_DEPRECATED_OBJC_IMPLEMENTATIONS = YES;
				CLANG_WARN_DIRECT_OBJC_ISA_USAGE = YES_ERROR;
				CLANG_WARN_DOCUMENTATION_COMMENTS = YES;
				CLANG_WARN_EMPTY_BODY = YES;
				CLANG_WARN_ENUM_CONVERSION = YES;
				CLANG_WARN_INFINITE_RECURSION = YES;
				CLANG_WARN_INT_CONVERSION = YES;
				CLANG_WARN_NON_LITERAL_NULL_CONVERSION = YES;
				CLANG_WARN_OBJC_IMPLICIT_RETAIN_SELF = YES;
				CLANG_WARN_OBJC_LITERAL_CONVERSION = YES;
				CLANG_WARN_OBJC_ROOT_CLASS = YES_ERROR;
				CLANG_WARN_QUOTED_INCLUDE_IN_FRAMEWORK_HEADER = YES;
				CLANG_WARN_RANGE_LOOP_ANALYSIS = YES;
				CLANG_WARN_STRICT_PROTOTYPES = YES;
				CLANG_WARN_SUSPICIOUS_MOVE = YES;
				CLANG_WARN_UNGUARDED_AVAILABILITY = YES_AGGRESSIVE;
				CLANG_WARN_UNREACHABLE_CODE = YES;
				CLANG_WARN__DUPLICATE_METHOD_MATCH = YES;
				COPY_PHASE_STRIP = NO;
				DEBUG_INFORMATION_FORMAT = dwarf;
				ENABLE_STRICT_OBJC_MSGSEND = YES;
				ENABLE_TESTABILITY = YES;
				GCC_C_LANGUAGE_STANDARD = gnu11;
				GCC_DYNAMIC_NO_PIC = NO;
				GCC_NO_COMMON_BLOCKS = YES;
				GCC_OPTIMIZATION_LEVEL = 0;
				GCC_PREPROCESSOR_DEFINITIONS = (
					"DEBUG=1",
					"$(inherited)",
				);
				GCC_WARN_64_TO_32_BIT_CONVERSION = YES;
				GCC_WARN_ABOUT_RETURN_TYPE = YES_ERROR;
				GCC_WARN_UNDECLARED_SELECTOR = YES;
				GCC_WARN_UNINITIALIZED_AUTOS = YES_AGGRESSIVE;
				GCC_WARN_UNUSED_FUNCTION = YES;
				GCC_WARN_UNUSED_VARIABLE = YES;
				IPHONEOS_DEPLOYMENT_TARGET = 14.5;
				MTL_ENABLE_DEBUG_INFO = INCLUDE_SOURCE;
				MTL_FAST_MATH = YES;
				ONLY_ACTIVE_ARCH = YES;
				SDKROOT = iphoneos;
				SWIFT_ACTIVE_COMPILATION_CONDITIONS = DEBUG;
				SWIFT_OPTIMIZATION_LEVEL = "-Onone";
			};
			name = Debug;
		};
		B4F8E08826BEB8C000A62EAB /* Release */ = {
			isa = XCBuildConfiguration;
			buildSettings = {
				ALWAYS_SEARCH_USER_PATHS = NO;
				CLANG_ANALYZER_NONNULL = YES;
				CLANG_ANALYZER_NUMBER_OBJECT_CONVERSION = YES_AGGRESSIVE;
				CLANG_CXX_LANGUAGE_STANDARD = "gnu++14";
				CLANG_CXX_LIBRARY = "libc++";
				CLANG_ENABLE_MODULES = YES;
				CLANG_ENABLE_OBJC_ARC = YES;
				CLANG_ENABLE_OBJC_WEAK = YES;
				CLANG_WARN_BLOCK_CAPTURE_AUTORELEASING = YES;
				CLANG_WARN_BOOL_CONVERSION = YES;
				CLANG_WARN_COMMA = YES;
				CLANG_WARN_CONSTANT_CONVERSION = YES;
				CLANG_WARN_DEPRECATED_OBJC_IMPLEMENTATIONS = YES;
				CLANG_WARN_DIRECT_OBJC_ISA_USAGE = YES_ERROR;
				CLANG_WARN_DOCUMENTATION_COMMENTS = YES;
				CLANG_WARN_EMPTY_BODY = YES;
				CLANG_WARN_ENUM_CONVERSION = YES;
				CLANG_WARN_INFINITE_RECURSION = YES;
				CLANG_WARN_INT_CONVERSION = YES;
				CLANG_WARN_NON_LITERAL_NULL_CONVERSION = YES;
				CLANG_WARN_OBJC_IMPLICIT_RETAIN_SELF = YES;
				CLANG_WARN_OBJC_LITERAL_CONVERSION = YES;
				CLANG_WARN_OBJC_ROOT_CLASS = YES_ERROR;
				CLANG_WARN_QUOTED_INCLUDE_IN_FRAMEWORK_HEADER = YES;
				CLANG_WARN_RANGE_LOOP_ANALYSIS = YES;
				CLANG_WARN_STRICT_PROTOTYPES = YES;
				CLANG_WARN_SUSPICIOUS_MOVE = YES;
				CLANG_WARN_UNGUARDED_AVAILABILITY = YES_AGGRESSIVE;
				CLANG_WARN_UNREACHABLE_CODE = YES;
				CLANG_WARN__DUPLICATE_METHOD_MATCH = YES;
				COPY_PHASE_STRIP = NO;
				DEBUG_INFORMATION_FORMAT = "dwarf-with-dsym";
				ENABLE_NS_ASSERTIONS = NO;
				ENABLE_STRICT_OBJC_MSGSEND = YES;
				GCC_C_LANGUAGE_STANDARD = gnu11;
				GCC_NO_COMMON_BLOCKS = YES;
				GCC_WARN_64_TO_32_BIT_CONVERSION = YES;
				GCC_WARN_ABOUT_RETURN_TYPE = YES_ERROR;
				GCC_WARN_UNDECLARED_SELECTOR = YES;
				GCC_WARN_UNINITIALIZED_AUTOS = YES_AGGRESSIVE;
				GCC_WARN_UNUSED_FUNCTION = YES;
				GCC_WARN_UNUSED_VARIABLE = YES;
				IPHONEOS_DEPLOYMENT_TARGET = 14.5;
				MTL_ENABLE_DEBUG_INFO = NO;
				MTL_FAST_MATH = YES;
				SDKROOT = iphoneos;
				SWIFT_COMPILATION_MODE = wholemodule;
				SWIFT_OPTIMIZATION_LEVEL = "-O";
				VALIDATE_PRODUCT = YES;
			};
			name = Release;
		};
		B4F8E08A26BEB8C000A62EAB /* Debug */ = {
			isa = XCBuildConfiguration;
			buildSettings = {
				ASSETCATALOG_COMPILER_APPICON_NAME = AppIcon;
				ASSETCATALOG_COMPILER_GLOBAL_ACCENT_COLOR_NAME = AccentColor;
				CODE_SIGN_STYLE = Automatic;
				INFOPLIST_FILE = AlamFExemple/Info.plist;
				LD_RUNPATH_SEARCH_PATHS = (
					"$(inherited)",
					"@executable_path/Frameworks",
				);
				PRODUCT_BUNDLE_IDENTIFIER = com.exemple.AlamFExemple;
				PRODUCT_NAME = "$(TARGET_NAME)";
				SWIFT_VERSION = 5.0;
				TARGETED_DEVICE_FAMILY = "1,2";
			};
			name = Debug;
		};
		B4F8E08B26BEB8C000A62EAB /* Release */ = {
			isa = XCBuildConfiguration;
			buildSettings = {
				ASSETCATALOG_COMPILER_APPICON_NAME = AppIcon;
				ASSETCATALOG_COMPILER_GLOBAL_ACCENT_COLOR_NAME = AccentColor;
				CODE_SIGN_STYLE = Automatic;
				INFOPLIST_FILE = AlamFExemple/Info.plist;
				LD_RUNPATH_SEARCH_PATHS = (
					"$(inherited)",
					"@executable_path/Frameworks",
				);
				PRODUCT_BUNDLE_IDENTIFIER = com.exemple.AlamFExemple;
				PRODUCT_NAME = "$(TARGET_NAME)";
				SWIFT_VERSION = 5.0;
				TARGETED_DEVICE_FAMILY = "1,2";
			};
			name = Release;
		};
/* End XCBuildConfiguration section */

/* Begin XCConfigurationList section */
		B4F8E07026BEB8BF00A62EAB /* Build configuration list for PBXProject "AlamFExemple" */ = {
			isa = XCConfigurationList;
			buildConfigurations = (
				B4F8E08726BEB8C000A62EAB /* Debug */,
				B4F8E08826BEB8C000A62EAB /* Release */,
			);
			defaultConfigurationIsVisible = 0;
			defaultConfigurationName = Release;
		};
		B4F8E08926BEB8C000A62EAB /* Build configuration list for PBXNativeTarget "AlamFExemple" */ = {
			isa = XCConfigurationList;
			buildConfigurations = (
				B4F8E08A26BEB8C000A62EAB /* Debug */,
				B4F8E08B26BEB8C000A62EAB /* Release */,
			);
			defaultConfigurationIsVisible = 0;
			defaultConfigurationName = Release;
		};
/* End XCConfigurationList section */

/* Begin XCRemoteSwiftPackageReference section */
		B4F8E08C26BEB96400A62EAB /* XCRemoteSwiftPackageReference "Alamofire" */ = {
			isa = XCRemoteSwiftPackageReference;
			repositoryURL = "https://github.com/Alamofire/Alamofire.git";
			requirement = {
				kind = upToNextMajorVersion;
				minimumVersion = 5.4.3;
			};
		};
/* End XCRemoteSwiftPackageReference section */

/* Begin XCSwiftPackageProductDependency section */
		B4F8E08D26BEB96400A62EAB /* Alamofire */ = {
			isa = XCSwiftPackageProductDependency;
			package = B4F8E08C26BEB96400A62EAB /* XCRemoteSwiftPackageReference "Alamofire" */;
			productName = Alamofire;
		};
/* End XCSwiftPackageProductDependency section */
	};
	rootObject = B4F8E06D26BEB8BF00A62EAB /* Project object */;
}
